
Microsoft Visual Studio Solution File, Format Version 10.00
# Visual Studio 2008
Project("{FAE04EC0-301F-11D3-BF4B-00C04F79EFBC}") = "Gean", "Gean.Library\Gean.csproj", "{2B3FF29A-E829-49B2-80C0-2D1BA9724F95}"
EndProject
Project("{FAE04EC0-301F-11D3-BF4B-00C04F79EFBC}") = "Gean.Demo", "..\..\DesignTime.Demo\Gean.Demo\Gean.Demo.csproj", "{80B13EEF-7639-4254-8D30-80E28D1F4480}"
EndProject
Global
	GlobalSection(SolutionConfigurationPlatforms) = preSolution
		Debug|Any CPU = Debug|Any CPU
		Release|Any CPU = Release|Any CPU
	EndGlobalSection
	GlobalSection(ProjectConfigurationPlatforms) = postSolution
		{2B3FF29A-E829-49B2-80C0-2D1BA9724F95}.Debug|Any CPU.ActiveCfg = Debug|Any CPU
		{2B3FF29A-E829-49B2-80C0-2D1BA9724F95}.Debug|Any CPU.Build.0 = Debug|Any CPU
		{2B3FF29A-E829-49B2-80C0-2D1BA9724F95}.Release|Any CPU.ActiveCfg = Release|Any CPU
		{2B3FF29A-E829-49B2-80C0-2D1BA9724F95}.Release|Any CPU.Build.0 = Release|Any CPU
		{80B13EEF-7639-4254-8D30-80E28D1F4480}.Debug|Any CPU.ActiveCfg = Debug|Any CPU
		{80B13EEF-7639-4254-8D30-80E28D1F4480}.Debug|Any CPU.Build.0 = Debug|Any CPU
		{80B13EEF-7639-4254-8D30-80E28D1F4480}.Release|Any CPU.ActiveCfg = Release|Any CPU
		{80B13EEF-7639-4254-8D30-80E28D1F4480}.Release|Any CPU.Build.0 = Release|Any CPU
	EndGlobalSection
	GlobalSection(SolutionProperties) = preSolution
		HideSolutionNode = FALSE
	EndGlobalSection
EndGlobal
