
Microsoft Visual Studio Solution File, Format Version 10.00
# Visual Studio 2008
Project("{FAE04EC0-301F-11D3-BF4B-00C04F79EFBC}") = "Gean.Client.PlugXmlTool", "Gean.Client.PlugXmlTool\Gean.Client.PlugXmlTool.csproj", "{AACED4EC-94A6-4E28-BF77-BD3F764EC1EA}"
EndProject
Global
	GlobalSection(SolutionConfigurationPlatforms) = preSolution
		Debug|Any CPU = Debug|Any CPU
		Release|Any CPU = Release|Any CPU
	EndGlobalSection
	GlobalSection(ProjectConfigurationPlatforms) = postSolution
		{AACED4EC-94A6-4E28-BF77-BD3F764EC1EA}.Debug|Any CPU.ActiveCfg = Debug|Any CPU
		{AACED4EC-94A6-4E28-BF77-BD3F764EC1EA}.Debug|Any CPU.Build.0 = Debug|Any CPU
		{AACED4EC-94A6-4E28-BF77-BD3F764EC1EA}.Release|Any CPU.ActiveCfg = Release|Any CPU
		{AACED4EC-94A6-4E28-BF77-BD3F764EC1EA}.Release|Any CPU.Build.0 = Release|Any CPU
	EndGlobalSection
	GlobalSection(SolutionProperties) = preSolution
		HideSolutionNode = FALSE
	EndGlobalSection
EndGlobal
