
Microsoft Visual Studio Solution File, Format Version 11.00
# Visual Studio 2010
Project("{FAE04EC0-301F-11D3-BF4B-00C04F79EFBC}") = "Gean.Setting", "Gean.Setting\Gean.Setting.csproj", "{DDC0BE67-4B91-49B9-A990-5930E7F63AE8}"
EndProject
Global
	GlobalSection(SubversionScc) = preSolution
		Svn-Managed = True
		Manager = AnkhSVN - Subversion Support for Visual Studio
	EndGlobalSection
	GlobalSection(SolutionConfigurationPlatforms) = preSolution
		Debug|Any CPU = Debug|Any CPU
		Release|Any CPU = Release|Any CPU
	EndGlobalSection
	GlobalSection(ProjectConfigurationPlatforms) = postSolution
		{DDC0BE67-4B91-49B9-A990-5930E7F63AE8}.Debug|Any CPU.ActiveCfg = Debug|Any CPU
		{DDC0BE67-4B91-49B9-A990-5930E7F63AE8}.Debug|Any CPU.Build.0 = Debug|Any CPU
		{DDC0BE67-4B91-49B9-A990-5930E7F63AE8}.Release|Any CPU.ActiveCfg = Release|Any CPU
		{DDC0BE67-4B91-49B9-A990-5930E7F63AE8}.Release|Any CPU.Build.0 = Release|Any CPU
	EndGlobalSection
	GlobalSection(SolutionProperties) = preSolution
		HideSolutionNode = FALSE
	EndGlobalSection
EndGlobal
