
Microsoft Visual Studio Solution File, Format Version 10.00
# Visual Studio 2008
Project("{FAE04EC0-301F-11D3-BF4B-00C04F79EFBC}") = "Gean", "Gean\Gean.Framework\Gean.csproj", "{2B3FF29A-E829-49B2-80C0-2D1BA9724F95}"
EndProject
Project("{FAE04EC0-301F-11D3-BF4B-00C04F79EFBC}") = "Gean.Data", "Gean.Data\Gean.Data.csproj", "{9B822919-06A0-4892-AEAA-F3C876811351}"
EndProject
Project("{FAE04EC0-301F-11D3-BF4B-00C04F79EFBC}") = "Gean.Data.SQLite", "Gean.Data.SQLite\Gean.Data.SQLite\Gean.Data.SQLite.csproj", "{081E4DB7-421A-46B3-8D95-138A9422381D}"
EndProject
Project("{FAE04EC0-301F-11D3-BF4B-00C04F79EFBC}") = "Gean.Data.OleDb", "Gean.Data.OleDb\Gean.Data.OleDb.csproj", "{9AB28B02-4170-43AB-AF93-5C007ECCF462}"
EndProject
Project("{FAE04EC0-301F-11D3-BF4B-00C04F79EFBC}") = "Gean.Data.MySql", "Gean.Data.MySql\Gean.Data.MySql.csproj", "{08CDDAAB-CCB1-4429-A96C-36FC0F48EE4F}"
EndProject
Project("{2150E333-8FDC-42A3-9474-1A3956D46DE8}") = "Demo", "Demo", "{97F18061-63FF-44D3-BF46-0B0E4D9BAB41}"
EndProject
Project("{FAE04EC0-301F-11D3-BF4B-00C04F79EFBC}") = "Gean.Data.UnitTesting", "Gean.Data.UnitTesting\Gean.Data.UnitTesting.csproj", "{21B07E24-0856-47FF-870D-E354A68DB411}"
EndProject
Project("{2150E333-8FDC-42A3-9474-1A3956D46DE8}") = "Solution Items", "Solution Items", "{12B6BDDB-2EC7-4AC8-99D9-A88F9CFFE2C2}"
	ProjectSection(SolutionItems) = preProject
		Gean.Data.vsmdi = Gean.Data.vsmdi
		LocalTestRun.testrunconfig = LocalTestRun.testrunconfig
	EndProjectSection
EndProject
Project("{2150E333-8FDC-42A3-9474-1A3956D46DE8}") = "UnitTesting", "UnitTesting", "{38B976B2-914D-4FE8-BD6F-63EE0E1F19BF}"
EndProject
Global
	GlobalSection(SubversionScc) = preSolution
		Svn-Managed = True
		Manager = AnkhSVN - Subversion Support for Visual Studio
	EndGlobalSection
	GlobalSection(TestCaseManagementSettings) = postSolution
		CategoryFile = Gean.Data.vsmdi
	EndGlobalSection
	GlobalSection(SolutionConfigurationPlatforms) = preSolution
		Debug|Any CPU = Debug|Any CPU
		Release|Any CPU = Release|Any CPU
	EndGlobalSection
	GlobalSection(ProjectConfigurationPlatforms) = postSolution
		{2B3FF29A-E829-49B2-80C0-2D1BA9724F95}.Debug|Any CPU.ActiveCfg = Debug|Any CPU
		{2B3FF29A-E829-49B2-80C0-2D1BA9724F95}.Debug|Any CPU.Build.0 = Debug|Any CPU
		{2B3FF29A-E829-49B2-80C0-2D1BA9724F95}.Release|Any CPU.ActiveCfg = Release|Any CPU
		{2B3FF29A-E829-49B2-80C0-2D1BA9724F95}.Release|Any CPU.Build.0 = Release|Any CPU
		{9B822919-06A0-4892-AEAA-F3C876811351}.Debug|Any CPU.ActiveCfg = Debug|Any CPU
		{9B822919-06A0-4892-AEAA-F3C876811351}.Debug|Any CPU.Build.0 = Debug|Any CPU
		{9B822919-06A0-4892-AEAA-F3C876811351}.Release|Any CPU.ActiveCfg = Release|Any CPU
		{9B822919-06A0-4892-AEAA-F3C876811351}.Release|Any CPU.Build.0 = Release|Any CPU
		{081E4DB7-421A-46B3-8D95-138A9422381D}.Debug|Any CPU.ActiveCfg = Debug|Any CPU
		{081E4DB7-421A-46B3-8D95-138A9422381D}.Debug|Any CPU.Build.0 = Debug|Any CPU
		{081E4DB7-421A-46B3-8D95-138A9422381D}.Release|Any CPU.ActiveCfg = Release|Any CPU
		{081E4DB7-421A-46B3-8D95-138A9422381D}.Release|Any CPU.Build.0 = Release|Any CPU
		{9AB28B02-4170-43AB-AF93-5C007ECCF462}.Debug|Any CPU.ActiveCfg = Debug|Any CPU
		{9AB28B02-4170-43AB-AF93-5C007ECCF462}.Debug|Any CPU.Build.0 = Debug|Any CPU
		{9AB28B02-4170-43AB-AF93-5C007ECCF462}.Release|Any CPU.ActiveCfg = Release|Any CPU
		{9AB28B02-4170-43AB-AF93-5C007ECCF462}.Release|Any CPU.Build.0 = Release|Any CPU
		{08CDDAAB-CCB1-4429-A96C-36FC0F48EE4F}.Debug|Any CPU.ActiveCfg = Debug|Any CPU
		{08CDDAAB-CCB1-4429-A96C-36FC0F48EE4F}.Debug|Any CPU.Build.0 = Debug|Any CPU
		{08CDDAAB-CCB1-4429-A96C-36FC0F48EE4F}.Release|Any CPU.ActiveCfg = Release|Any CPU
		{08CDDAAB-CCB1-4429-A96C-36FC0F48EE4F}.Release|Any CPU.Build.0 = Release|Any CPU
		{21B07E24-0856-47FF-870D-E354A68DB411}.Debug|Any CPU.ActiveCfg = Debug|Any CPU
		{21B07E24-0856-47FF-870D-E354A68DB411}.Debug|Any CPU.Build.0 = Debug|Any CPU
		{21B07E24-0856-47FF-870D-E354A68DB411}.Release|Any CPU.ActiveCfg = Release|Any CPU
		{21B07E24-0856-47FF-870D-E354A68DB411}.Release|Any CPU.Build.0 = Release|Any CPU
	EndGlobalSection
	GlobalSection(SolutionProperties) = preSolution
		HideSolutionNode = FALSE
	EndGlobalSection
	GlobalSection(NestedProjects) = preSolution
		{21B07E24-0856-47FF-870D-E354A68DB411} = {38B976B2-914D-4FE8-BD6F-63EE0E1F19BF}
	EndGlobalSection
EndGlobal
