
Microsoft Visual Studio Solution File, Format Version 11.00
# Visual Studio 2010
Project("{2150E333-8FDC-42A3-9474-1A3956D46DE8}") = "Solution Items", "Solution Items", "{B3F125EB-047D-45F7-BD16-3195EBC20F4E}"
	ProjectSection(SolutionItems) = preProject
		Gean.Json.vsmdi = Gean.Json.vsmdi
		LocalTestRun.testrunconfig = LocalTestRun.testrunconfig
	EndProjectSection
EndProject
Project("{FAE04EC0-301F-11D3-BF4B-00C04F79EFBC}") = "Gean.Json2", "Gean.Json2\Gean.Json2.csproj", "{9D29914F-FD46-41FE-BF0F-5551F97EA801}"
EndProject
Project("{FAE04EC0-301F-11D3-BF4B-00C04F79EFBC}") = "Gean.Json3", "Gean.Json3\Gean.Json3.csproj", "{FDFD5FBB-D035-4652-AAD0-500AE9B92A9D}"
EndProject
Project("{FAE04EC0-301F-11D3-BF4B-00C04F79EFBC}") = "Gean", "Gean\Gean.Library\Gean.csproj", "{54E5A1F2-3684-4C25-BB2A-D1D412D17002}"
EndProject
Project("{FAE04EC0-301F-11D3-BF4B-00C04F79EFBC}") = "Gean.Json.UnitTesting", "..\DesignTime.UnitTest\Gean.Json.UnitTesting\Gean.Json.UnitTesting.csproj", "{202119B1-F530-4BB9-9223-E3D7DE858FF8}"
EndProject
Global
	GlobalSection(SubversionScc) = preSolution
		Svn-Managed = True
		Manager = AnkhSVN - Subversion Support for Visual Studio
	EndGlobalSection
	GlobalSection(TestCaseManagementSettings) = postSolution
		CategoryFile = Gean.Json.vsmdi
	EndGlobalSection
	GlobalSection(SolutionConfigurationPlatforms) = preSolution
		Debug|Any CPU = Debug|Any CPU
		Release|Any CPU = Release|Any CPU
	EndGlobalSection
	GlobalSection(ProjectConfigurationPlatforms) = postSolution
		{9D29914F-FD46-41FE-BF0F-5551F97EA801}.Debug|Any CPU.ActiveCfg = Debug|Any CPU
		{9D29914F-FD46-41FE-BF0F-5551F97EA801}.Debug|Any CPU.Build.0 = Debug|Any CPU
		{9D29914F-FD46-41FE-BF0F-5551F97EA801}.Release|Any CPU.ActiveCfg = Release|Any CPU
		{9D29914F-FD46-41FE-BF0F-5551F97EA801}.Release|Any CPU.Build.0 = Release|Any CPU
		{FDFD5FBB-D035-4652-AAD0-500AE9B92A9D}.Debug|Any CPU.ActiveCfg = Debug|Any CPU
		{FDFD5FBB-D035-4652-AAD0-500AE9B92A9D}.Debug|Any CPU.Build.0 = Debug|Any CPU
		{FDFD5FBB-D035-4652-AAD0-500AE9B92A9D}.Release|Any CPU.ActiveCfg = Release|Any CPU
		{FDFD5FBB-D035-4652-AAD0-500AE9B92A9D}.Release|Any CPU.Build.0 = Release|Any CPU
		{54E5A1F2-3684-4C25-BB2A-D1D412D17002}.Debug|Any CPU.ActiveCfg = Debug|Any CPU
		{54E5A1F2-3684-4C25-BB2A-D1D412D17002}.Debug|Any CPU.Build.0 = Debug|Any CPU
		{54E5A1F2-3684-4C25-BB2A-D1D412D17002}.Release|Any CPU.ActiveCfg = Release|Any CPU
		{54E5A1F2-3684-4C25-BB2A-D1D412D17002}.Release|Any CPU.Build.0 = Release|Any CPU
		{202119B1-F530-4BB9-9223-E3D7DE858FF8}.Debug|Any CPU.ActiveCfg = Debug|Any CPU
		{202119B1-F530-4BB9-9223-E3D7DE858FF8}.Debug|Any CPU.Build.0 = Debug|Any CPU
		{202119B1-F530-4BB9-9223-E3D7DE858FF8}.Release|Any CPU.ActiveCfg = Release|Any CPU
		{202119B1-F530-4BB9-9223-E3D7DE858FF8}.Release|Any CPU.Build.0 = Release|Any CPU
	EndGlobalSection
	GlobalSection(SolutionProperties) = preSolution
		HideSolutionNode = FALSE
	EndGlobalSection
EndGlobal
