
Microsoft Visual Studio Solution File, Format Version 10.00
# Visual Studio 2008
Project("{FAE04EC0-301F-11D3-BF4B-00C04F79EFBC}") = "Gean.Wrapper.Chess", "Gean.Wrapper.Chess\Gean.Wrapper.Chess.csproj", "{29FCFFF2-14E3-4741-99A9-3FCC041F6207}"
EndProject
Project("{FAE04EC0-301F-11D3-BF4B-00C04F79EFBC}") = "Gean.Wrapper.Chess.UnitTesting", "Gean.Wrapper.Chess.UnitTesting\Gean.Wrapper.Chess.UnitTesting.csproj", "{3016E0B1-B282-4209-B923-D7262CB86532}"
EndProject
Project("{FAE04EC0-301F-11D3-BF4B-00C04F79EFBC}") = "Gean", "..\..\Gean\Gean\Gean.Framework\Gean.csproj", "{2B3FF29A-E829-49B2-80C0-2D1BA9724F95}"
EndProject
Project("{FAE04EC0-301F-11D3-BF4B-00C04F79EFBC}") = "Gean.Wrapper.Chess.Demo", "Gean.Wrapper.Chess.Demo\Gean.Wrapper.Chess.Demo.csproj", "{FC99A95A-4AF4-4D65-8C07-EB3EFBF2B3DD}"
EndProject
Global
	GlobalSection(SolutionConfigurationPlatforms) = preSolution
		Debug|Any CPU = Debug|Any CPU
		Release|Any CPU = Release|Any CPU
	EndGlobalSection
	GlobalSection(ProjectConfigurationPlatforms) = postSolution
		{29FCFFF2-14E3-4741-99A9-3FCC041F6207}.Debug|Any CPU.ActiveCfg = Debug|Any CPU
		{29FCFFF2-14E3-4741-99A9-3FCC041F6207}.Debug|Any CPU.Build.0 = Debug|Any CPU
		{29FCFFF2-14E3-4741-99A9-3FCC041F6207}.Release|Any CPU.ActiveCfg = Release|Any CPU
		{29FCFFF2-14E3-4741-99A9-3FCC041F6207}.Release|Any CPU.Build.0 = Release|Any CPU
		{3016E0B1-B282-4209-B923-D7262CB86532}.Debug|Any CPU.ActiveCfg = Debug|Any CPU
		{3016E0B1-B282-4209-B923-D7262CB86532}.Debug|Any CPU.Build.0 = Debug|Any CPU
		{3016E0B1-B282-4209-B923-D7262CB86532}.Release|Any CPU.ActiveCfg = Release|Any CPU
		{3016E0B1-B282-4209-B923-D7262CB86532}.Release|Any CPU.Build.0 = Release|Any CPU
		{2B3FF29A-E829-49B2-80C0-2D1BA9724F95}.Debug|Any CPU.ActiveCfg = Debug|Any CPU
		{2B3FF29A-E829-49B2-80C0-2D1BA9724F95}.Debug|Any CPU.Build.0 = Debug|Any CPU
		{2B3FF29A-E829-49B2-80C0-2D1BA9724F95}.Release|Any CPU.ActiveCfg = Release|Any CPU
		{2B3FF29A-E829-49B2-80C0-2D1BA9724F95}.Release|Any CPU.Build.0 = Release|Any CPU
		{FC99A95A-4AF4-4D65-8C07-EB3EFBF2B3DD}.Debug|Any CPU.ActiveCfg = Debug|Any CPU
		{FC99A95A-4AF4-4D65-8C07-EB3EFBF2B3DD}.Debug|Any CPU.Build.0 = Debug|Any CPU
		{FC99A95A-4AF4-4D65-8C07-EB3EFBF2B3DD}.Release|Any CPU.ActiveCfg = Release|Any CPU
		{FC99A95A-4AF4-4D65-8C07-EB3EFBF2B3DD}.Release|Any CPU.Build.0 = Release|Any CPU
	EndGlobalSection
	GlobalSection(SolutionProperties) = preSolution
		HideSolutionNode = FALSE
	EndGlobalSection
EndGlobal
