
Microsoft Visual Studio Solution File, Format Version 11.00
# Visual Studio 2010
Project("{FAE04EC0-301F-11D3-BF4B-00C04F79EFBC}") = "Gean", "..\Gean\Gean.Library\Gean.csproj", "{54E5A1F2-3684-4C25-BB2A-D1D412D17002}"
EndProject
Project("{FAE04EC0-301F-11D3-BF4B-00C04F79EFBC}") = "Gean.LogService", "..\Gean.LogService\Gean.LogService.csproj", "{0CFFF8C8-B4D2-4FC9-AE82-AB46EA2AAA80}"
EndProject
Project("{FAE04EC0-301F-11D3-BF4B-00C04F79EFBC}") = "Gean.Option", "Gean.Option\Gean.Option.csproj", "{2061A9E8-82B6-4B6B-884D-A1136D7ABB90}"
EndProject
Project("{FAE04EC0-301F-11D3-BF4B-00C04F79EFBC}") = "Gean.Option.Demo.OptionDomain", "Gean.Option.Demo.OptionDomain\Gean.Option.Demo.OptionDomain.csproj", "{C8FC78DE-074E-4236-AB83-304B5B009F90}"
EndProject
Project("{FAE04EC0-301F-11D3-BF4B-00C04F79EFBC}") = "Gean.Option.Demo", "Gean.Option.Options.Demo\Gean.Option.Demo.csproj", "{21677B5C-74B7-4829-A094-1437C8B82E7E}"
EndProject
Global
	GlobalSection(SubversionScc) = preSolution
		Svn-Managed = True
		Manager = AnkhSVN - Subversion Support for Visual Studio
	EndGlobalSection
	GlobalSection(SolutionConfigurationPlatforms) = preSolution
		Debug|Any CPU = Debug|Any CPU
		Debug|Mixed Platforms = Debug|Mixed Platforms
		Debug|x86 = Debug|x86
		Release|Any CPU = Release|Any CPU
		Release|Mixed Platforms = Release|Mixed Platforms
		Release|x86 = Release|x86
	EndGlobalSection
	GlobalSection(ProjectConfigurationPlatforms) = postSolution
		{54E5A1F2-3684-4C25-BB2A-D1D412D17002}.Debug|Any CPU.ActiveCfg = Debug|Any CPU
		{54E5A1F2-3684-4C25-BB2A-D1D412D17002}.Debug|Any CPU.Build.0 = Debug|Any CPU
		{54E5A1F2-3684-4C25-BB2A-D1D412D17002}.Debug|Mixed Platforms.ActiveCfg = Debug|Any CPU
		{54E5A1F2-3684-4C25-BB2A-D1D412D17002}.Debug|Mixed Platforms.Build.0 = Debug|Any CPU
		{54E5A1F2-3684-4C25-BB2A-D1D412D17002}.Debug|x86.ActiveCfg = Debug|Any CPU
		{54E5A1F2-3684-4C25-BB2A-D1D412D17002}.Release|Any CPU.ActiveCfg = Release|Any CPU
		{54E5A1F2-3684-4C25-BB2A-D1D412D17002}.Release|Any CPU.Build.0 = Release|Any CPU
		{54E5A1F2-3684-4C25-BB2A-D1D412D17002}.Release|Mixed Platforms.ActiveCfg = Release|Any CPU
		{54E5A1F2-3684-4C25-BB2A-D1D412D17002}.Release|Mixed Platforms.Build.0 = Release|Any CPU
		{54E5A1F2-3684-4C25-BB2A-D1D412D17002}.Release|x86.ActiveCfg = Release|Any CPU
		{0CFFF8C8-B4D2-4FC9-AE82-AB46EA2AAA80}.Debug|Any CPU.ActiveCfg = Debug|x86
		{0CFFF8C8-B4D2-4FC9-AE82-AB46EA2AAA80}.Debug|Mixed Platforms.ActiveCfg = Debug|x86
		{0CFFF8C8-B4D2-4FC9-AE82-AB46EA2AAA80}.Debug|Mixed Platforms.Build.0 = Debug|x86
		{0CFFF8C8-B4D2-4FC9-AE82-AB46EA2AAA80}.Debug|x86.ActiveCfg = Debug|x86
		{0CFFF8C8-B4D2-4FC9-AE82-AB46EA2AAA80}.Debug|x86.Build.0 = Debug|x86
		{0CFFF8C8-B4D2-4FC9-AE82-AB46EA2AAA80}.Release|Any CPU.ActiveCfg = Release|x86
		{0CFFF8C8-B4D2-4FC9-AE82-AB46EA2AAA80}.Release|Mixed Platforms.ActiveCfg = Release|x86
		{0CFFF8C8-B4D2-4FC9-AE82-AB46EA2AAA80}.Release|Mixed Platforms.Build.0 = Release|x86
		{0CFFF8C8-B4D2-4FC9-AE82-AB46EA2AAA80}.Release|x86.ActiveCfg = Release|x86
		{0CFFF8C8-B4D2-4FC9-AE82-AB46EA2AAA80}.Release|x86.Build.0 = Release|x86
		{2061A9E8-82B6-4B6B-884D-A1136D7ABB90}.Debug|Any CPU.ActiveCfg = Debug|Any CPU
		{2061A9E8-82B6-4B6B-884D-A1136D7ABB90}.Debug|Any CPU.Build.0 = Debug|Any CPU
		{2061A9E8-82B6-4B6B-884D-A1136D7ABB90}.Debug|Mixed Platforms.ActiveCfg = Debug|Any CPU
		{2061A9E8-82B6-4B6B-884D-A1136D7ABB90}.Debug|Mixed Platforms.Build.0 = Debug|Any CPU
		{2061A9E8-82B6-4B6B-884D-A1136D7ABB90}.Debug|x86.ActiveCfg = Debug|Any CPU
		{2061A9E8-82B6-4B6B-884D-A1136D7ABB90}.Release|Any CPU.ActiveCfg = Release|Any CPU
		{2061A9E8-82B6-4B6B-884D-A1136D7ABB90}.Release|Any CPU.Build.0 = Release|Any CPU
		{2061A9E8-82B6-4B6B-884D-A1136D7ABB90}.Release|Mixed Platforms.ActiveCfg = Release|Any CPU
		{2061A9E8-82B6-4B6B-884D-A1136D7ABB90}.Release|Mixed Platforms.Build.0 = Release|Any CPU
		{2061A9E8-82B6-4B6B-884D-A1136D7ABB90}.Release|x86.ActiveCfg = Release|Any CPU
		{C8FC78DE-074E-4236-AB83-304B5B009F90}.Debug|Any CPU.ActiveCfg = Debug|x86
		{C8FC78DE-074E-4236-AB83-304B5B009F90}.Debug|Mixed Platforms.ActiveCfg = Debug|x86
		{C8FC78DE-074E-4236-AB83-304B5B009F90}.Debug|Mixed Platforms.Build.0 = Debug|x86
		{C8FC78DE-074E-4236-AB83-304B5B009F90}.Debug|x86.ActiveCfg = Debug|x86
		{C8FC78DE-074E-4236-AB83-304B5B009F90}.Debug|x86.Build.0 = Debug|x86
		{C8FC78DE-074E-4236-AB83-304B5B009F90}.Release|Any CPU.ActiveCfg = Release|x86
		{C8FC78DE-074E-4236-AB83-304B5B009F90}.Release|Mixed Platforms.ActiveCfg = Release|x86
		{C8FC78DE-074E-4236-AB83-304B5B009F90}.Release|Mixed Platforms.Build.0 = Release|x86
		{C8FC78DE-074E-4236-AB83-304B5B009F90}.Release|x86.ActiveCfg = Release|x86
		{C8FC78DE-074E-4236-AB83-304B5B009F90}.Release|x86.Build.0 = Release|x86
		{21677B5C-74B7-4829-A094-1437C8B82E7E}.Debug|Any CPU.ActiveCfg = Debug|x86
		{21677B5C-74B7-4829-A094-1437C8B82E7E}.Debug|Mixed Platforms.ActiveCfg = Debug|x86
		{21677B5C-74B7-4829-A094-1437C8B82E7E}.Debug|Mixed Platforms.Build.0 = Debug|x86
		{21677B5C-74B7-4829-A094-1437C8B82E7E}.Debug|x86.ActiveCfg = Debug|x86
		{21677B5C-74B7-4829-A094-1437C8B82E7E}.Debug|x86.Build.0 = Debug|x86
		{21677B5C-74B7-4829-A094-1437C8B82E7E}.Release|Any CPU.ActiveCfg = Release|x86
		{21677B5C-74B7-4829-A094-1437C8B82E7E}.Release|Mixed Platforms.ActiveCfg = Release|x86
		{21677B5C-74B7-4829-A094-1437C8B82E7E}.Release|Mixed Platforms.Build.0 = Release|x86
		{21677B5C-74B7-4829-A094-1437C8B82E7E}.Release|x86.ActiveCfg = Release|x86
		{21677B5C-74B7-4829-A094-1437C8B82E7E}.Release|x86.Build.0 = Release|x86
	EndGlobalSection
	GlobalSection(SolutionProperties) = preSolution
		HideSolutionNode = FALSE
	EndGlobalSection
EndGlobal
