
Microsoft Visual Studio Solution File, Format Version 10.00
# Visual Studio 2008
Project("{FAE04EC0-301F-11D3-BF4B-00C04F79EFBC}") = "Gean.Wrapper.PlugTree", "Gean.Wrapper.PlugTree\Gean.Wrapper.PlugTree.csproj", "{B0329AD2-DECE-4080-AFCD-5AC2EFEB27EF}"
EndProject
Project("{FAE04EC0-301F-11D3-BF4B-00C04F79EFBC}") = "Gean.Library", "..\..\Gean.Library\Gean.Library\Gean.Library\Gean.Library.csproj", "{2B3FF29A-E829-49B2-80C0-2D1BA9724F95}"
EndProject
Global
	GlobalSection(SubversionScc) = preSolution
		Svn-Managed = True
		Manager = AnkhSVN - Subversion Support for Visual Studio
	EndGlobalSection
	GlobalSection(SolutionConfigurationPlatforms) = preSolution
		Debug|Any CPU = Debug|Any CPU
		Release|Any CPU = Release|Any CPU
	EndGlobalSection
	GlobalSection(ProjectConfigurationPlatforms) = postSolution
		{B0329AD2-DECE-4080-AFCD-5AC2EFEB27EF}.Debug|Any CPU.ActiveCfg = Debug|Any CPU
		{B0329AD2-DECE-4080-AFCD-5AC2EFEB27EF}.Debug|Any CPU.Build.0 = Debug|Any CPU
		{B0329AD2-DECE-4080-AFCD-5AC2EFEB27EF}.Release|Any CPU.ActiveCfg = Release|Any CPU
		{B0329AD2-DECE-4080-AFCD-5AC2EFEB27EF}.Release|Any CPU.Build.0 = Release|Any CPU
		{2B3FF29A-E829-49B2-80C0-2D1BA9724F95}.Debug|Any CPU.ActiveCfg = Debug|Any CPU
		{2B3FF29A-E829-49B2-80C0-2D1BA9724F95}.Debug|Any CPU.Build.0 = Debug|Any CPU
		{2B3FF29A-E829-49B2-80C0-2D1BA9724F95}.Release|Any CPU.ActiveCfg = Release|Any CPU
		{2B3FF29A-E829-49B2-80C0-2D1BA9724F95}.Release|Any CPU.Build.0 = Release|Any CPU
	EndGlobalSection
	GlobalSection(SolutionProperties) = preSolution
		HideSolutionNode = FALSE
	EndGlobalSection
EndGlobal
