
Microsoft Visual Studio Solution File, Format Version 10.00
# Visual Studio 2008
Project("{FAE04EC0-301F-11D3-BF4B-00C04F79EFBC}") = "Gean.Wrapper.PlugTree", "Gean.Wrapper.PlugTree\Gean.Wrapper.PlugTree.csproj", "{02FCE16E-7F04-465B-BB02-57FE59257660}"
EndProject
Project("{FAE04EC0-301F-11D3-BF4B-00C04F79EFBC}") = "Gean.Wrapper.PlugTree.Demo", "Gean.Wrapper.PlugTree.Demo\Gean.Wrapper.PlugTree.Demo.csproj", "{9B41B864-FBE8-4D4E-92C2-9E53CC61A846}"
EndProject
Project("{FAE04EC0-301F-11D3-BF4B-00C04F79EFBC}") = "TestClass0001", "TestClass0001\TestClass0001.csproj", "{9AE760F4-9DCE-4A35-A50E-AAFF7DC06DFE}"
EndProject
Project("{FAE04EC0-301F-11D3-BF4B-00C04F79EFBC}") = "Gean.Library", "..\..\Gean.Library\Gean.Library\Gean.Library\Gean.Library.csproj", "{2B3FF29A-E829-49B2-80C0-2D1BA9724F95}"
EndProject
Global
	GlobalSection(SubversionScc) = preSolution
		Svn-Managed = True
		Manager = AnkhSVN - Subversion Support for Visual Studio
	EndGlobalSection
	GlobalSection(SolutionConfigurationPlatforms) = preSolution
		Debug|Any CPU = Debug|Any CPU
		Release|Any CPU = Release|Any CPU
	EndGlobalSection
	GlobalSection(ProjectConfigurationPlatforms) = postSolution
		{02FCE16E-7F04-465B-BB02-57FE59257660}.Debug|Any CPU.ActiveCfg = Debug|Any CPU
		{02FCE16E-7F04-465B-BB02-57FE59257660}.Debug|Any CPU.Build.0 = Debug|Any CPU
		{02FCE16E-7F04-465B-BB02-57FE59257660}.Release|Any CPU.ActiveCfg = Release|Any CPU
		{02FCE16E-7F04-465B-BB02-57FE59257660}.Release|Any CPU.Build.0 = Release|Any CPU
		{9B41B864-FBE8-4D4E-92C2-9E53CC61A846}.Debug|Any CPU.ActiveCfg = Debug|Any CPU
		{9B41B864-FBE8-4D4E-92C2-9E53CC61A846}.Debug|Any CPU.Build.0 = Debug|Any CPU
		{9B41B864-FBE8-4D4E-92C2-9E53CC61A846}.Release|Any CPU.ActiveCfg = Release|Any CPU
		{9B41B864-FBE8-4D4E-92C2-9E53CC61A846}.Release|Any CPU.Build.0 = Release|Any CPU
		{9AE760F4-9DCE-4A35-A50E-AAFF7DC06DFE}.Debug|Any CPU.ActiveCfg = Debug|Any CPU
		{9AE760F4-9DCE-4A35-A50E-AAFF7DC06DFE}.Debug|Any CPU.Build.0 = Debug|Any CPU
		{9AE760F4-9DCE-4A35-A50E-AAFF7DC06DFE}.Release|Any CPU.ActiveCfg = Release|Any CPU
		{9AE760F4-9DCE-4A35-A50E-AAFF7DC06DFE}.Release|Any CPU.Build.0 = Release|Any CPU
		{2B3FF29A-E829-49B2-80C0-2D1BA9724F95}.Debug|Any CPU.ActiveCfg = Debug|Any CPU
		{2B3FF29A-E829-49B2-80C0-2D1BA9724F95}.Debug|Any CPU.Build.0 = Debug|Any CPU
		{2B3FF29A-E829-49B2-80C0-2D1BA9724F95}.Release|Any CPU.ActiveCfg = Release|Any CPU
		{2B3FF29A-E829-49B2-80C0-2D1BA9724F95}.Release|Any CPU.Build.0 = Release|Any CPU
	EndGlobalSection
	GlobalSection(SolutionProperties) = preSolution
		HideSolutionNode = FALSE
	EndGlobalSection
EndGlobal
